
Microsoft Visual Studio Solution File, Format Version 12.00
# Visual Studio Version 16
VisualStudioVersion = 16.0.31515.178
MinimumVisualStudioVersion = 10.0.40219.1
Project("{FAE04EC0-301F-11D3-BF4B-00C04F79EFBC}") = "MainMusicStore.UI", "MainMusicStore.UI\MainMusicStore.UI.csproj", "{662C8708-1014-46D6-8E15-A268056ECB49}"
EndProject
Project("{FAE04EC0-301F-11D3-BF4B-00C04F79EFBC}") = "MainMusicStore.DataAccess", "MainMusicStore.DataAccess\MainMusicStore.DataAccess.csproj", "{E8384BD8-DDE4-4E14-9209-57F45DDCBF80}"
EndProject
Project("{FAE04EC0-301F-11D3-BF4B-00C04F79EFBC}") = "MainMusicStore.Models", "MainMusicStore.Models\MainMusicStore.Models.csproj", "{CD528E97-EDBF-455F-BC1C-6703010019E2}"
EndProject
Project("{FAE04EC0-301F-11D3-BF4B-00C04F79EFBC}") = "MainMusicStore.Utility", "MainMusicStore.Utility\MainMusicStore.Utility.csproj", "{DA8AB22C-98E0-44CF-BF46-97D95B6D09F4}"
EndProject
Global
	GlobalSection(SolutionConfigurationPlatforms) = preSolution
		Debug|Any CPU = Debug|Any CPU
		Release|Any CPU = Release|Any CPU
	EndGlobalSection
	GlobalSection(ProjectConfigurationPlatforms) = postSolution
		{662C8708-1014-46D6-8E15-A268056ECB49}.Debug|Any CPU.ActiveCfg = Debug|Any CPU
		{662C8708-1014-46D6-8E15-A268056ECB49}.Debug|Any CPU.Build.0 = Debug|Any CPU
		{662C8708-1014-46D6-8E15-A268056ECB49}.Release|Any CPU.ActiveCfg = Release|Any CPU
		{662C8708-1014-46D6-8E15-A268056ECB49}.Release|Any CPU.Build.0 = Release|Any CPU
		{E8384BD8-DDE4-4E14-9209-57F45DDCBF80}.Debug|Any CPU.ActiveCfg = Debug|Any CPU
		{E8384BD8-DDE4-4E14-9209-57F45DDCBF80}.Debug|Any CPU.Build.0 = Debug|Any CPU
		{E8384BD8-DDE4-4E14-9209-57F45DDCBF80}.Release|Any CPU.ActiveCfg = Release|Any CPU
		{E8384BD8-DDE4-4E14-9209-57F45DDCBF80}.Release|Any CPU.Build.0 = Release|Any CPU
		{CD528E97-EDBF-455F-BC1C-6703010019E2}.Debug|Any CPU.ActiveCfg = Debug|Any CPU
		{CD528E97-EDBF-455F-BC1C-6703010019E2}.Debug|Any CPU.Build.0 = Debug|Any CPU
		{CD528E97-EDBF-455F-BC1C-6703010019E2}.Release|Any CPU.ActiveCfg = Release|Any CPU
		{CD528E97-EDBF-455F-BC1C-6703010019E2}.Release|Any CPU.Build.0 = Release|Any CPU
		{DA8AB22C-98E0-44CF-BF46-97D95B6D09F4}.Debug|Any CPU.ActiveCfg = Debug|Any CPU
		{DA8AB22C-98E0-44CF-BF46-97D95B6D09F4}.Debug|Any CPU.Build.0 = Debug|Any CPU
		{DA8AB22C-98E0-44CF-BF46-97D95B6D09F4}.Release|Any CPU.ActiveCfg = Release|Any CPU
		{DA8AB22C-98E0-44CF-BF46-97D95B6D09F4}.Release|Any CPU.Build.0 = Release|Any CPU
	EndGlobalSection
	GlobalSection(SolutionProperties) = preSolution
		HideSolutionNode = FALSE
	EndGlobalSection
	GlobalSection(ExtensibilityGlobals) = postSolution
		SolutionGuid = {B6F79C34-35F2-4FAD-91F2-F9597117665B}
	EndGlobalSection
EndGlobal
